
Microsoft Visual Studio Solution File, Format Version 12.00
# Visual Studio 15
VisualStudioVersion = 15.0.27130.2024
MinimumVisualStudioVersion = 10.0.40219.1
Project("{9A19103F-16F7-4668-BE54-9A1E7A4F7556}") = "NetCoreSample", "NetCoreSample\NetCoreSample.csproj", "{EC6CC579-EFB1-4346-9E7E-610D0C1A4A05}"
EndProject
Project("{9A19103F-16F7-4668-BE54-9A1E7A4F7556}") = "LiveDemoNetCore", "LiveDemoNetCore\LiveDemoNetCore.csproj", "{E9B009EB-BBCD-481C-9FAC-B0BFB902474A}"
EndProject
Project("{FAE04EC0-301F-11D3-BF4B-00C04F79EFBC}") = "CommonLibrary", "CommonLibrary\CommonLibrary.csproj", "{1132E0B6-39AB-4B75-A5C5-20C49759F7B0}"
EndProject
Project("{FAE04EC0-301F-11D3-BF4B-00C04F79EFBC}") = "StandardLibrary", "StandardLibrary\StandardLibrary.csproj", "{8CA027FD-26B8-4A2D-9E08-762D59DEA067}"
EndProject
Project("{FAE04EC0-301F-11D3-BF4B-00C04F79EFBC}") = "NetFrameworkWebApp", "NetFrameworkWebApp\NetFrameworkWebApp.csproj", "{8F35B06C-EDE0-4617-A1C8-F781CE64F181}"
EndProject
Global
	GlobalSection(SolutionConfigurationPlatforms) = preSolution
		Debug|Any CPU = Debug|Any CPU
		Release|Any CPU = Release|Any CPU
	EndGlobalSection
	GlobalSection(ProjectConfigurationPlatforms) = postSolution
		{EC6CC579-EFB1-4346-9E7E-610D0C1A4A05}.Debug|Any CPU.ActiveCfg = Debug|Any CPU
		{EC6CC579-EFB1-4346-9E7E-610D0C1A4A05}.Debug|Any CPU.Build.0 = Debug|Any CPU
		{EC6CC579-EFB1-4346-9E7E-610D0C1A4A05}.Release|Any CPU.ActiveCfg = Release|Any CPU
		{EC6CC579-EFB1-4346-9E7E-610D0C1A4A05}.Release|Any CPU.Build.0 = Release|Any CPU
		{E9B009EB-BBCD-481C-9FAC-B0BFB902474A}.Debug|Any CPU.ActiveCfg = Debug|Any CPU
		{E9B009EB-BBCD-481C-9FAC-B0BFB902474A}.Debug|Any CPU.Build.0 = Debug|Any CPU
		{E9B009EB-BBCD-481C-9FAC-B0BFB902474A}.Release|Any CPU.ActiveCfg = Release|Any CPU
		{E9B009EB-BBCD-481C-9FAC-B0BFB902474A}.Release|Any CPU.Build.0 = Release|Any CPU
		{1132E0B6-39AB-4B75-A5C5-20C49759F7B0}.Debug|Any CPU.ActiveCfg = Debug|Any CPU
		{1132E0B6-39AB-4B75-A5C5-20C49759F7B0}.Debug|Any CPU.Build.0 = Debug|Any CPU
		{1132E0B6-39AB-4B75-A5C5-20C49759F7B0}.Release|Any CPU.ActiveCfg = Release|Any CPU
		{1132E0B6-39AB-4B75-A5C5-20C49759F7B0}.Release|Any CPU.Build.0 = Release|Any CPU
		{8CA027FD-26B8-4A2D-9E08-762D59DEA067}.Debug|Any CPU.ActiveCfg = Debug|Any CPU
		{8CA027FD-26B8-4A2D-9E08-762D59DEA067}.Debug|Any CPU.Build.0 = Debug|Any CPU
		{8CA027FD-26B8-4A2D-9E08-762D59DEA067}.Release|Any CPU.ActiveCfg = Release|Any CPU
		{8CA027FD-26B8-4A2D-9E08-762D59DEA067}.Release|Any CPU.Build.0 = Release|Any CPU
		{8F35B06C-EDE0-4617-A1C8-F781CE64F181}.Debug|Any CPU.ActiveCfg = Debug|Any CPU
		{8F35B06C-EDE0-4617-A1C8-F781CE64F181}.Debug|Any CPU.Build.0 = Debug|Any CPU
		{8F35B06C-EDE0-4617-A1C8-F781CE64F181}.Release|Any CPU.ActiveCfg = Release|Any CPU
		{8F35B06C-EDE0-4617-A1C8-F781CE64F181}.Release|Any CPU.Build.0 = Release|Any CPU
	EndGlobalSection
	GlobalSection(SolutionProperties) = preSolution
		HideSolutionNode = FALSE
	EndGlobalSection
	GlobalSection(ExtensibilityGlobals) = postSolution
		SolutionGuid = {B317AB88-D263-4369-8976-0A168182C64F}
	EndGlobalSection
EndGlobal
